# Generated by conda-lock.
# platform: linux-64
# input_hash: 41cd4e3062c968fef33d36e82ba9759a611dc754d7cd698d86e2a2e53e9c9796
@EXPLICIT
https://conda.anaconda.org/conda-forge/linux-64/_libgcc_mutex-0.1-conda_forge.tar.bz2#d7c89558ba9fa0495403155b64376d81
https://conda.anaconda.org/conda-forge/linux-64/ca-certificates-2022.12.7-ha878542_0.conda#ff9f73d45c4a07d6f424495288a26080
https://conda.anaconda.org/conda-forge/noarch/kernel-headers_linux-64-2.6.32-he073ed8_15.tar.bz2#5dd5127afd710f91f6a75821bac0a4f0
https://conda.anaconda.org/conda-forge/linux-64/ld_impl_linux-64-2.39-hcc3a1bd_1.conda#737be0d34c22d24432049ab7a3214de4
https://conda.anaconda.org/conda-forge/linux-64/libgcc-devel_linux-64-10.4.0-hd38fd1e_19.tar.bz2#b41d6540a78ba2518655eebcb0e41e20
https://conda.anaconda.org/conda-forge/linux-64/libgfortran5-12.2.0-h337968e_19.tar.bz2#164b4b1acaedc47ee7e658ae6b308ca3
https://conda.anaconda.org/conda-forge/linux-64/libstdcxx-devel_linux-64-10.4.0-hd38fd1e_19.tar.bz2#9367571bf3218f968a47c010618a9715
https://conda.anaconda.org/conda-forge/linux-64/libstdcxx-ng-12.2.0-h46fd767_19.tar.bz2#1030b1f38c129f2634eae026f704fe60
https://conda.anaconda.org/conda-forge/linux-64/mpi-1.0-mpich.tar.bz2#c1fcff3417b5a22bbc4cf6e8c23648cf
https://conda.anaconda.org/conda-forge/linux-64/mumps-include-5.2.1-ha770c72_11.tar.bz2#765196257c11b54dc52522d2fcafdd69
https://conda.anaconda.org/conda-forge/noarch/pybind11-abi-4-hd8ed1ab_3.tar.bz2#878f923dd6acc8aeb47a75da6c4098be
https://conda.anaconda.org/conda-forge/linux-64/python_abi-3.10-3_cp310.conda#4eb33d14d794b0f4be116443ffed3853
https://conda.anaconda.org/conda-forge/noarch/tzdata-2023c-h71feb2d_0.conda#939e3e74d8be4dac89ce83b20de2492a
https://conda.anaconda.org/conda-forge/linux-64/libgfortran-ng-12.2.0-h69a702a_19.tar.bz2#cd7a806282c16e1f2d39a7e80d3a3e0d
https://conda.anaconda.org/conda-forge/linux-64/libgomp-12.2.0-h65d4601_19.tar.bz2#cedcee7c064c01c403f962c9e8d3c373
https://conda.anaconda.org/conda-forge/noarch/sysroot_linux-64-2.12-he073ed8_15.tar.bz2#66c192522eacf5bb763568b4e415d133
https://conda.anaconda.org/conda-forge/linux-64/binutils_impl_linux-64-2.39-he00db2b_1.conda#3d726e8b51a1f5bfd66892a2b7d9db2d
https://conda.anaconda.org/conda-forge/linux-64/binutils_linux-64-2.39-h5fc0e48_13.conda#7f25a524665e4e2f8a5f86522f8d0e31
https://conda.anaconda.org/conda-forge/linux-64/_openmp_mutex-4.5-2_kmp_llvm.tar.bz2#562b26ba2e19059551a811e72ab7f793
https://conda.anaconda.org/conda-forge/linux-64/libgcc-ng-12.2.0-h65d4601_19.tar.bz2#e4c94f80aef025c17ab0828cd85ef535
https://conda.anaconda.org/conda-forge/linux-64/bzip2-1.0.8-h7f98852_4.tar.bz2#a1fd65c7ccbf10880423d82bca54eb54
https://conda.anaconda.org/conda-forge/linux-64/c-ares-1.18.1-h7f98852_0.tar.bz2#f26ef8098fab1f719c91eb760d63381a
https://conda.anaconda.org/conda-forge/linux-64/eigen-3.4.0-h4bd325d_0.tar.bz2#61af675be1ebd2ab75ebc70b8687b84d
https://conda.anaconda.org/conda-forge/linux-64/fmt-9.1.0-h924138e_0.tar.bz2#b57864c85261a0fbc7132d2cc17478c7
https://conda.anaconda.org/conda-forge/linux-64/gmp-6.2.1-h58526e2_0.tar.bz2#b94cf2db16066b242ebd26db2facbd56
https://conda.anaconda.org/conda-forge/linux-64/icu-72.1-hcb278e6_0.conda#7c8d20d847bb45f56bd941578fcfa146
https://conda.anaconda.org/conda-forge/linux-64/keyutils-1.6.1-h166bdaf_0.tar.bz2#30186d27e2c9fa62b45fb1476b7200e3
https://conda.anaconda.org/conda-forge/linux-64/lerc-4.0.0-h27087fc_0.tar.bz2#76bbff344f0134279f225174e9064c8f
https://conda.anaconda.org/conda-forge/linux-64/libaec-1.0.6-hcb278e6_1.conda#0f683578378cddb223e7fd24f785ab2a
https://conda.anaconda.org/conda-forge/linux-64/libbrotlicommon-1.0.9-h166bdaf_8.tar.bz2#9194c9bf9428035a05352d031462eae4
https://conda.anaconda.org/conda-forge/linux-64/libdeflate-1.18-h0b41bf4_0.conda#6aa9c9de5542ecb07fdda9ca626252d8
https://conda.anaconda.org/conda-forge/linux-64/libev-4.33-h516909a_1.tar.bz2#6f8720dff19e17ce5d48cfe7f3d2f0a3
https://conda.anaconda.org/conda-forge/linux-64/libexpat-2.5.0-hcb278e6_1.conda#6305a3dd2752c76335295da4e581f2fd
https://conda.anaconda.org/conda-forge/linux-64/libffi-3.4.2-h7f98852_5.tar.bz2#d645c6d2ac96843a2bfaccd2d62b3ac3
https://conda.anaconda.org/conda-forge/linux-64/libiconv-1.17-h166bdaf_0.tar.bz2#b62b52da46c39ee2bc3c162ac7f1804d
https://conda.anaconda.org/conda-forge/linux-64/libjpeg-turbo-2.1.5.1-h0b41bf4_0.conda#1edd9e67bdb90d78cea97733ff6b54e6
https://conda.anaconda.org/conda-forge/linux-64/libnsl-2.0.0-h7f98852_0.tar.bz2#39b1328babf85c7c3a61636d9cd50206
https://conda.anaconda.org/conda-forge/linux-64/libopenblas-0.3.21-pthreads_h78a6416_3.tar.bz2#8c5963a49b6035c40646a763293fbb35
https://conda.anaconda.org/conda-forge/linux-64/libsanitizer-10.4.0-h5246dfb_19.tar.bz2#b068ad132a509367bc9e5a200a639429
https://conda.anaconda.org/conda-forge/linux-64/libsodium-1.0.18-h36c2ea0_1.tar.bz2#c3788462a6fbddafdb413a9f9053e58d
https://conda.anaconda.org/conda-forge/linux-64/libuuid-2.38.1-h0b41bf4_0.conda#40b61aab5c7ba9ff276c41cfffe6b80b
https://conda.anaconda.org/conda-forge/linux-64/libuv-1.44.2-h166bdaf_0.tar.bz2#e5cb4fe581a18ca2185a016eb848fc00
https://conda.anaconda.org/conda-forge/linux-64/libwebp-base-1.3.0-h0b41bf4_0.conda#0d4a7508d8c6c65314f2b9c1f56ad408
https://conda.anaconda.org/conda-forge/linux-64/libzlib-1.2.13-h166bdaf_4.tar.bz2#f3f9de449d32ca9b9c66a22863c96f41
https://conda.anaconda.org/conda-forge/linux-64/lz4-c-1.9.4-hcb278e6_0.conda#318b08df404f9c9be5712aaa5a6f0bb0
https://conda.anaconda.org/conda-forge/linux-64/lzo-2.10-h516909a_1000.tar.bz2#bb14fcb13341b81d5eb386423b9d2bac
https://conda.anaconda.org/conda-forge/linux-64/metis-5.1.0-h58526e2_1006.tar.bz2#d099b812378b1e133c12e3b75167d83a
https://conda.anaconda.org/conda-forge/linux-64/mpich-4.0.3-h846660c_100.tar.bz2#50d66bb751cfa71ee2a48b2d3eb90ac1
https://conda.anaconda.org/conda-forge/linux-64/ncurses-6.3-h27087fc_1.tar.bz2#4acfc691e64342b9dae57cf2adc63238
https://conda.anaconda.org/conda-forge/linux-64/openssl-3.1.0-hd590300_3.conda#8f24d371ed9efb3f0b0de383fb81d51c
https://conda.anaconda.org/conda-forge/linux-64/pkg-config-0.29.2-h36c2ea0_1008.tar.bz2#fbef41ff6a4c8140c30057466a1cdd47
https://conda.anaconda.org/conda-forge/linux-64/pthread-stubs-0.4-h36c2ea0_1001.tar.bz2#22dad4df6e8630e8dff2428f6f6a7036
https://conda.anaconda.org/conda-forge/linux-64/reproc-14.2.4-h0b41bf4_0.conda#0f51393e019df1f0047ef864cd9ddeec
https://conda.anaconda.org/conda-forge/linux-64/rhash-1.4.3-h166bdaf_0.tar.bz2#0bcb0ab6faa796a22b40de3a41e3b2de
https://conda.anaconda.org/conda-forge/linux-64/sleef-3.5.1-h9b69904_2.tar.bz2#6e016cf4c525d04a7bd038cee53ad3fd
https://conda.anaconda.org/conda-forge/linux-64/xorg-compositeproto-0.4.2-h7f98852_1001.tar.bz2#8bf27eeb636d3acce5c6cb570ba63487
https://conda.anaconda.org/conda-forge/linux-64/xorg-kbproto-1.0.7-h7f98852_1002.tar.bz2#4b230e8381279d76131116660f5a241a
https://conda.anaconda.org/conda-forge/linux-64/xorg-libxau-1.0.9-h7f98852_0.tar.bz2#bf6f803a544f26ebbdc3bfff272eb179
https://conda.anaconda.org/conda-forge/linux-64/xorg-libxdmcp-1.1.3-h7f98852_0.tar.bz2#be93aabceefa2fac576e971aef407908
https://conda.anaconda.org/conda-forge/linux-64/xorg-xextproto-7.3.0-h0b41bf4_1003.conda#bce9f945da8ad2ae9b1d7165a64d0f87
https://conda.anaconda.org/conda-forge/linux-64/xorg-xproto-7.0.31-h7f98852_1007.tar.bz2#b4a4381d54784606820704f7b5f05a15
https://conda.anaconda.org/conda-forge/linux-64/xz-5.2.6-h166bdaf_0.tar.bz2#2161070d867d1b1204ea749c8eec4ef0
https://conda.anaconda.org/conda-forge/linux-64/yaml-0.2.5-h7f98852_2.tar.bz2#4cb3ad778ec2d5a7acbdf254eb1c42ae
https://conda.anaconda.org/conda-forge/linux-64/yaml-cpp-0.7.0-h27087fc_2.tar.bz2#0449d47d8457feaa3720d4779616dde2
https://conda.anaconda.org/conda-forge/linux-64/apbs-1.5-hd8ae8d1_0.tar.bz2#ab8f157dd86a7ae05cf0f647fed5b1f9
https://conda.anaconda.org/conda-forge/linux-64/expat-2.5.0-hcb278e6_1.conda#8b9b5aca60558d02ddaa09d599e55920
https://conda.anaconda.org/conda-forge/linux-64/fftw-3.3.10-mpi_mpich_h5537406_7.conda#b2ebb6d1579c0ba2383a91c0525024f9
https://conda.anaconda.org/conda-forge/linux-64/gcc_impl_linux-64-10.4.0-h5231bdf_19.tar.bz2#a086547de4cee874e72d5a43230372ec
https://conda.anaconda.org/conda-forge/linux-64/libblas-3.9.0-16_linux64_openblas.tar.bz2#d9b7a8639171f6c6fa0a983edabcfe2b
https://conda.anaconda.org/conda-forge/linux-64/libbrotlidec-1.0.9-h166bdaf_8.tar.bz2#4ae4d7795d33e02bd20f6b23d91caf82
https://conda.anaconda.org/conda-forge/linux-64/libbrotlienc-1.0.9-h166bdaf_8.tar.bz2#04bac51ba35ea023dc48af73c1c88c25
https://conda.anaconda.org/conda-forge/linux-64/libedit-3.1.20191231-he28a2e2_2.tar.bz2#4d331e44109e3f0e19b4cb8f9b82f3e1
https://conda.anaconda.org/conda-forge/linux-64/libllvm11-11.1.0-he0ac6c6_5.tar.bz2#cae79c6fd61cc6823cbebdbb2c16c60e
https://conda.anaconda.org/conda-forge/linux-64/libnghttp2-1.52.0-h61bc06f_0.conda#613955a50485812985c059e7b269f42e
https://conda.anaconda.org/conda-forge/linux-64/libpng-1.6.39-h753d276_0.conda#e1c890aebdebbfbf87e2c917187b4416
https://conda.anaconda.org/conda-forge/linux-64/libprotobuf-3.21.12-h3eb15da_0.conda#4b36c68184c6c85d88c6e595a32a1ede
https://conda.anaconda.org/conda-forge/linux-64/libsolv-0.7.23-h3eb15da_0.conda#122332e6deb4aea9eaf22021d2ecd256
https://conda.anaconda.org/conda-forge/linux-64/libsqlite-3.40.0-h753d276_1.conda#32565f92ca100184c67509d1d91c858a
https://conda.anaconda.org/conda-forge/linux-64/libssh2-1.10.0-hf14f497_3.tar.bz2#d85acad4b47dff4e3def14a769a97906
https://conda.anaconda.org/conda-forge/linux-64/libxcb-1.13-h7f98852_1004.tar.bz2#b3653fdc58d03face9724f602218a904
https://conda.anaconda.org/conda-forge/linux-64/libxml2-2.10.4-hfdac1af_0.conda#241845899caff54ac1d2b3102ad988cf
https://conda.anaconda.org/conda-forge/linux-64/mpfr-4.2.0-hb012696_0.conda#14d87bdff2cbd3b1179a29fb316ed743
https://conda.anaconda.org/conda-forge/linux-64/pandoc-2.19.2-h32600fe_2.conda#326f46f36d15c44cff5f81d505cb717f
https://conda.anaconda.org/conda-forge/linux-64/parmetis-4.0.3-h2a9763c_1005.tar.bz2#d32150ac4a75576e7d8043379e7f1059
https://conda.anaconda.org/conda-forge/linux-64/readline-8.2-h8228510_1.conda#47d31b792659ce70f470b5c82fdfb7a4
https://conda.anaconda.org/conda-forge/linux-64/reproc-cpp-14.2.4-hcb278e6_0.conda#ede8e0f849f2fee2f78cb488b4ea3b33
https://conda.anaconda.org/conda-forge/linux-64/tk-8.6.12-h27826a3_0.tar.bz2#5b8c42eb62e9fc961af70bdd6a26e168
https://conda.anaconda.org/conda-forge/linux-64/xorg-fixesproto-5.0-h7f98852_1002.tar.bz2#65ad6e1eb4aed2b0611855aff05e04f6
https://conda.anaconda.org/conda-forge/linux-64/zeromq-4.3.4-h9c3ff4c_1.tar.bz2#21743a8d2ea0c8cfbbf8fe489b0347df
https://conda.anaconda.org/conda-forge/linux-64/zlib-1.2.13-h166bdaf_4.tar.bz2#4b11e365c0275b808be78b30f904e295
https://conda.anaconda.org/conda-forge/linux-64/zstd-1.5.2-h3eb15da_6.conda#6b63daed8feeca47be78f323e793d555
https://conda.anaconda.org/conda-forge/linux-64/boost-cpp-1.78.0-h6582d0a_3.conda#d3c3c7698d0b878aab1b86db95407c8e
https://conda.anaconda.org/conda-forge/linux-64/brotli-bin-1.0.9-h166bdaf_8.tar.bz2#e5613f2bc717e9945840ff474419b8e4
https://conda.anaconda.org/conda-forge/linux-64/freetype-2.12.1-hca18f0e_1.conda#e1232042de76d24539a436d37597eb06
https://conda.anaconda.org/conda-forge/linux-64/gcc_linux-64-10.4.0-h9215b83_13.conda#a38a8d1059689117691fb736215a196a
https://conda.anaconda.org/conda-forge/linux-64/gxx_impl_linux-64-10.4.0-h5231bdf_19.tar.bz2#de8c00c5162b819c3e8a7f64ed32baf1
https://conda.anaconda.org/conda-forge/linux-64/krb5-1.20.1-h81ceb04_0.conda#89a41adce7106749573d883b2f657d78
https://conda.anaconda.org/conda-forge/linux-64/libarchive-3.6.2-h3d51595_0.conda#9f915b4adeb9dcfd450b9ad238e2db4c
https://conda.anaconda.org/conda-forge/linux-64/libcblas-3.9.0-16_linux64_openblas.tar.bz2#20bae26d0a1db73f758fc3754cab4719
https://conda.anaconda.org/conda-forge/linux-64/libhwloc-2.9.1-hd6dc26d_0.conda#a3ede1b8e47f993ff1fe3908b23bb307
https://conda.anaconda.org/conda-forge/linux-64/liblapack-3.9.0-16_linux64_openblas.tar.bz2#955d993f41f9354bf753d29864ea20ad
https://conda.anaconda.org/conda-forge/linux-64/libtiff-4.5.0-ha587672_6.conda#4e5ee4b062c21519efbee7e2ae608748
https://conda.anaconda.org/conda-forge/linux-64/llvm-openmp-16.0.2-h4dfa4b3_0.conda#dca41421c0950d314181fbde9865f95b
https://conda.anaconda.org/conda-forge/linux-64/mpc-1.3.1-hfe3b2da_0.conda#289c71e83dc0daa7d4c81f04180778ca
https://conda.anaconda.org/conda-forge/linux-64/python-3.10.10-he550d4f_0_cpython.conda#de25afc7041c103c7f510c746bb63435
https://conda.anaconda.org/conda-forge/linux-64/scotch-6.0.9-hb2e6521_2.tar.bz2#20eb1f0c247d10da95b1da761e7f4c10
https://conda.anaconda.org/conda-forge/linux-64/xorg-libx11-1.8.4-h0b41bf4_0.conda#ea8fbfeb976ac49cbeb594e985393514
https://conda.anaconda.org/conda-forge/noarch/aiofiles-22.1.0-pyhd8ed1ab_0.tar.bz2#a88c206fdb78e34adb1c4081f5f838dd
https://conda.anaconda.org/conda-forge/noarch/appnope-0.1.3-pyhd8ed1ab_0.tar.bz2#54ac328d703bff191256ffa1183126d1
https://conda.anaconda.org/conda-forge/noarch/async_generator-1.10-py_0.tar.bz2#d56c596e61b1c4952acf0a9920856c12
https://conda.anaconda.org/conda-forge/noarch/attrs-22.2.0-pyh71513ae_0.conda#8b76db7818a4e401ed4486c4c1635cd9
https://conda.anaconda.org/conda-forge/noarch/backcall-0.2.0-pyh9f0ad1d_0.tar.bz2#6006a6d08a3fa99268a2681c7fb55213
https://conda.anaconda.org/conda-forge/noarch/backports-1.0-pyhd8ed1ab_3.conda#54ca2e08b3220c148a1d8329c2678e02
https://conda.anaconda.org/conda-forge/noarch/blinker-1.6.2-pyhd8ed1ab_0.conda#2fb79ec81bad9492b6d59a06b3b647a4
https://conda.anaconda.org/conda-forge/noarch/boltons-23.0.0-pyhd8ed1ab_0.conda#033eb25fffd222aceeca6d58cd953680
https://conda.anaconda.org/conda-forge/linux-64/brotli-1.0.9-h166bdaf_8.tar.bz2#2ff08978892a3e8b954397c461f18418
https://conda.anaconda.org/conda-forge/linux-64/browndye-2022.3.7-h450d06c_0.tar.bz2#815a02fc74a83f3e8cfff15666d6748f
https://conda.anaconda.org/conda-forge/noarch/cached_property-1.5.2-pyha770c72_1.tar.bz2#576d629e47797577ab0f1b351297ef4a
https://conda.anaconda.org/conda-forge/noarch/certifi-2022.12.7-pyhd8ed1ab_0.conda#fb9addc3db06e56abe03e0e9f21a63e6
https://conda.anaconda.org/conda-forge/noarch/charset-normalizer-3.1.0-pyhd8ed1ab_0.conda#7fcff9f6f123696e940bda77bd4d6551
https://conda.anaconda.org/conda-forge/noarch/click-8.1.3-unix_pyhd8ed1ab_2.tar.bz2#20e4087407c7cb04a40817114b333dbf
https://conda.anaconda.org/conda-forge/noarch/colorama-0.4.6-pyhd8ed1ab_0.tar.bz2#3faab06a954c2a04039983f2c4a50d99
https://conda.anaconda.org/conda-forge/noarch/cycler-0.11.0-pyhd8ed1ab_0.tar.bz2#a50559fad0affdbb33729a68669ca1cb
https://conda.anaconda.org/conda-forge/linux-64/cython-0.29.34-py310heca2aa9_0.conda#95df2fa9ba55f438014e8381927f8da0
https://conda.anaconda.org/conda-forge/linux-64/debugpy-1.6.7-py310heca2aa9_0.conda#8ffb020d2b722c962f0b4f06a304f533
https://conda.anaconda.org/conda-forge/noarch/decorator-5.1.1-pyhd8ed1ab_0.tar.bz2#43afe5ab04e35e17ba28649471dd7364
https://conda.anaconda.org/conda-forge/noarch/defusedxml-0.7.1-pyhd8ed1ab_0.tar.bz2#961b3a227b437d82ad7054484cfa71b2
https://conda.anaconda.org/conda-forge/noarch/entrypoints-0.4-pyhd8ed1ab_0.tar.bz2#3cf04868fee0a029769bd41f4b2fbf2d
https://conda.anaconda.org/conda-forge/noarch/exceptiongroup-1.1.1-pyhd8ed1ab_0.conda#7312299d7a0ea4993159229b7d2dceb2
https://conda.anaconda.org/conda-forge/noarch/executing-1.2.0-pyhd8ed1ab_0.tar.bz2#4c1bc140e2be5c8ba6e3acab99e25c50
https://conda.anaconda.org/conda-forge/noarch/filelock-3.12.0-pyhd8ed1ab_0.conda#650f18a56f366dbf419c15b543592c2d
https://conda.anaconda.org/conda-forge/noarch/flit-core-3.8.0-pyhd8ed1ab_0.tar.bz2#6d5e56de2e65da7aa35fd10131226efa
https://conda.anaconda.org/conda-forge/linux-64/gmpy2-2.1.2-py310h3ec546c_1.tar.bz2#73f6fa50c32ddd985cf5fba7b890a75c
https://conda.anaconda.org/conda-forge/linux-64/greenlet-2.0.2-py310heca2aa9_0.conda#2a6e2e6deb0ddf5344ac74395444e3df
https://conda.anaconda.org/conda-forge/linux-64/gxx_linux-64-10.4.0-h6e491c6_13.conda#a27d76f39bbd17dbc0fbc57cfc82644e
https://conda.anaconda.org/conda-forge/linux-64/hypre-2.25.0-mpi_mpich_hed3a557_0.tar.bz2#d8e0cd054f4c3d49b276c7b47540ce82
https://conda.anaconda.org/conda-forge/noarch/idna-3.4-pyhd8ed1ab_0.tar.bz2#34272b248891bddccc64479f9a7fffed
https://conda.anaconda.org/conda-forge/noarch/iniconfig-2.0.0-pyhd8ed1ab_0.conda#f800d2da156d08e289b14e87e43c1ae5
https://conda.anaconda.org/conda-forge/noarch/ipython_genutils-0.2.0-py_1.tar.bz2#5071c982548b3a20caf70462f04f5287
https://conda.anaconda.org/conda-forge/noarch/json5-0.9.5-pyh9f0ad1d_0.tar.bz2#10759827a94e6b14996e81fb002c0bda
https://conda.anaconda.org/conda-forge/noarch/jsonpointer-2.0-py_0.tar.bz2#07d85c22a3beb102a48cd123df84c2a6
https://conda.anaconda.org/conda-forge/noarch/jupyterlab_widgets-3.0.7-pyhd8ed1ab_0.conda#1f39269ab88d1342c3e32935759e606a
https://conda.anaconda.org/conda-forge/linux-64/kiwisolver-1.4.4-py310hbf28c38_1.tar.bz2#ad5647e517ba68e2868ef2e6e6ff7723
https://conda.anaconda.org/conda-forge/linux-64/lcms2-2.15-haa2dc70_1.conda#980d8aca0bc23ca73fa8caa3e7c84c28
https://conda.anaconda.org/conda-forge/linux-64/libcurl-8.0.1-h588be90_0.conda#b635278a73eb67edcfba7d01a6b48a03
https://conda.anaconda.org/conda-forge/linux-64/llvmlite-0.39.1-py310h58363a5_1.tar.bz2#18c28e036ae9c5366c56ecd0c875a108
https://conda.anaconda.org/conda-forge/linux-64/markupsafe-2.1.2-py310h1fa729e_0.conda#a1f0db6709778b77b5903541eeac4032
https://conda.anaconda.org/conda-forge/noarch/mistune-2.0.5-pyhd8ed1ab_0.conda#61a07195cfc935f1c1901d8ecf4af441
https://conda.anaconda.org/conda-forge/linux-64/mpi4py-3.1.4-py310h37cc914_0.tar.bz2#98d598d9178d7f3091212c61c0be693c
https://conda.anaconda.org/conda-forge/noarch/mpmath-1.3.0-pyhd8ed1ab_0.conda#dbf6e2d89137da32fa6670f3bffc024e
https://conda.anaconda.org/conda-forge/noarch/munkres-1.1.4-pyh9f0ad1d_0.tar.bz2#2ba8498c1018c1e9c61eb99b973dfe19
https://conda.anaconda.org/conda-forge/noarch/mypy_extensions-1.0.0-pyha770c72_0.conda#4eccaeba205f0aed9ac3a9ea58568ca3
https://conda.anaconda.org/conda-forge/noarch/nest-asyncio-1.5.6-pyhd8ed1ab_0.tar.bz2#7b868f21adde0d9b8b38f9c16836589b
https://conda.anaconda.org/conda-forge/noarch/networkx-3.1-pyhd8ed1ab_0.conda#254f787d5068bc89f578bf63893ce8b4
https://conda.anaconda.org/conda-forge/linux-64/numpy-1.23.5-py310h53a5b5f_0.conda#3b114b1559def8bad228fec544ac1812
https://conda.anaconda.org/conda-forge/linux-64/openjpeg-2.5.0-hfec8fc6_2.conda#5ce6a42505c6e9e6151c54c3ec8d68ea
https://conda.anaconda.org/conda-forge/noarch/packaging-23.1-pyhd8ed1ab_0.conda#91cda59e66e1e4afe9476f8ef98f5c30
https://conda.anaconda.org/conda-forge/noarch/pamela-1.0.0-py_0.tar.bz2#36f6f18d2f3ae0c93d77a9dbedad08c3
https://conda.anaconda.org/conda-forge/noarch/pandocfilters-1.5.0-pyhd8ed1ab_0.tar.bz2#457c2c8c08e54905d6954e79cb5b5db9
https://conda.anaconda.org/conda-forge/noarch/parso-0.8.3-pyhd8ed1ab_0.tar.bz2#17a565a0c3899244e938cdf417e7b094
https://conda.anaconda.org/conda-forge/noarch/pathspec-0.11.1-pyhd8ed1ab_0.conda#dbb80d1e8dc2dba5c8b106dc0768ad45
https://conda.anaconda.org/conda-forge/noarch/pickleshare-0.7.5-py_1003.tar.bz2#415f0ebb6198cc2801c73438a9fb5761
https://conda.anaconda.org/conda-forge/noarch/pkgconfig-1.5.5-pyhd8ed1ab_4.tar.bz2#8b714fcb673b50d8a8e4094b6bf80ed6
https://conda.anaconda.org/conda-forge/noarch/pkgutil-resolve-name-1.3.10-pyhd8ed1ab_0.tar.bz2#89e3c7cdde7d3aaa2aee933b604dd07f
https://conda.anaconda.org/conda-forge/noarch/pluggy-1.0.0-pyhd8ed1ab_5.tar.bz2#7d301a0d25f424d96175f810935f0da9
https://conda.anaconda.org/conda-forge/noarch/prometheus_client-0.16.0-pyhd8ed1ab_0.conda#8efaddc1c8b8ce262c4d1a7c6571c799
https://conda.anaconda.org/conda-forge/linux-64/psutil-5.9.5-py310h1fa729e_0.conda#b0f0a014fc04012c05f39df15fe270ce
https://conda.anaconda.org/conda-forge/linux-64/ptscotch-6.0.9-hb499603_2.tar.bz2#2bb2d071f5cb419e4ce0e1eb7372eb9b
https://conda.anaconda.org/conda-forge/noarch/ptyprocess-0.7.0-pyhd3deb0d_0.tar.bz2#359eeb6536da0e687af562ed265ec263
https://conda.anaconda.org/conda-forge/noarch/pure_eval-0.2.2-pyhd8ed1ab_0.tar.bz2#6784285c7e55cb7212efabc79e4c2883
https://conda.anaconda.org/conda-forge/linux-64/pybind11-global-2.10.1-py310hbf28c38_0.tar.bz2#83633976931d31fce0be6a7251ed19a6
https://conda.anaconda.org/conda-forge/linux-64/pycosat-0.6.4-py310h5764c6d_1.tar.bz2#0e565d732f6660374b45d76761c09b06
https://conda.anaconda.org/conda-forge/noarch/pycparser-2.21-pyhd8ed1ab_0.tar.bz2#076becd9e05608f8dc72757d5f3a91ff
https://conda.anaconda.org/conda-forge/noarch/pygments-2.15.1-pyhd8ed1ab_0.conda#d316679235612869eba305aa7d41d9bf
https://conda.anaconda.org/conda-forge/noarch/pyjwt-2.6.0-pyhd8ed1ab_0.tar.bz2#56d08bbebf5b3719ca2b1688fcfd98a4
https://conda.anaconda.org/conda-forge/noarch/pyparsing-3.0.9-pyhd8ed1ab_0.tar.bz2#e8fbc1b54b25f4b08281467bc13b70cc
https://conda.anaconda.org/conda-forge/linux-64/pyrsistent-0.19.3-py310h1fa729e_0.conda#f732bec05ecc2e302a868d971ae484e0
https://conda.anaconda.org/conda-forge/noarch/pysocks-1.7.1-pyha2e5f31_6.tar.bz2#2a7de29fb590ca14b5243c4c812c8025
https://conda.anaconda.org/conda-forge/noarch/python-fastjsonschema-2.16.3-pyhd8ed1ab_0.conda#7aa330a4d88b7ab891a42c39d5d2e742
https://conda.anaconda.org/conda-forge/noarch/python-json-logger-2.0.7-pyhd8ed1ab_0.conda#a61bf9ec79426938ff785eb69dbb1960
https://conda.anaconda.org/conda-forge/noarch/python-tzdata-2023.3-pyhd8ed1ab_0.conda#2590495f608a63625e165915fb4e2e34
https://conda.anaconda.org/conda-forge/noarch/pytz-2023.3-pyhd8ed1ab_0.conda#d3076b483092a435832603243567bc31
https://conda.anaconda.org/conda-forge/linux-64/pyyaml-6.0-py310h5764c6d_5.tar.bz2#9e68d2ff6d98737c855b65f48dd3c597
https://conda.anaconda.org/conda-forge/linux-64/pyzmq-25.0.2-py310h059b190_0.conda#a0cf00cb5dd15f3d243f7bdab7d28800
https://conda.anaconda.org/conda-forge/noarch/rfc3986-validator-0.1.1-pyh9f0ad1d_0.tar.bz2#912a71cc01012ee38e6b90ddd561e36f
https://conda.anaconda.org/conda-forge/linux-64/ruamel.yaml.clib-0.2.7-py310h1fa729e_1.conda#2f9b517412af46255cef5e53a22c264e
https://conda.anaconda.org/conda-forge/linux-64/scalapack-2.2.0-hd931219_1.tar.bz2#9913f4fb198ea6d18ba99c45aed64855
https://conda.anaconda.org/conda-forge/noarch/send2trash-1.8.2-pyh41d4057_0.conda#ada5a17adcd10be4fc7e37e4166ba0e2
https://conda.anaconda.org/conda-forge/noarch/setuptools-67.7.2-pyhd8ed1ab_0.conda#3b68bc43ec6baa48f7354a446267eefe
https://conda.anaconda.org/conda-forge/noarch/six-1.16.0-pyh6c4a22f_0.tar.bz2#e5f25f8dbc060e9a8d912e432202afc2
https://conda.anaconda.org/conda-forge/noarch/smmap-3.0.5-pyh44b312d_0.tar.bz2#3a8dc70789709aa315325d5df06fb7e4
https://conda.anaconda.org/conda-forge/noarch/sniffio-1.3.0-pyhd8ed1ab_0.tar.bz2#dd6cbc539e74cb1f430efbd4575b9303
https://conda.anaconda.org/conda-forge/noarch/soupsieve-2.3.2.post1-pyhd8ed1ab_0.tar.bz2#146f4541d643d48fc8a75cacf69f03ae
https://conda.anaconda.org/conda-forge/linux-64/superlu-5.2.2-h00795ac_0.tar.bz2#2fe6fcc1c7d6e2e8ea3f16ebd3306dbe
https://conda.anaconda.org/conda-forge/linux-64/superlu_dist-7.2.0-h25dcc4a_0.tar.bz2#fac36f70854e425ad3aaa30992d58c1b
https://conda.anaconda.org/conda-forge/linux-64/tbb-2021.9.0-hf52228f_0.conda#f495e42d3d2020b025705625edf35490
https://conda.anaconda.org/conda-forge/noarch/threadpoolctl-3.1.0-pyh8a188c0_0.tar.bz2#a2995ee828f65687ac5b1e71a2ab1e0c
https://conda.anaconda.org/conda-forge/noarch/tomli-2.0.1-pyhd8ed1ab_0.tar.bz2#5844808ffab9ebdb694585b50ba02a96
https://conda.anaconda.org/conda-forge/noarch/toolz-0.12.0-pyhd8ed1ab_0.tar.bz2#92facfec94bc02d6ccf42e7173831a36
https://conda.anaconda.org/conda-forge/linux-64/tornado-6.3-py310h1fa729e_0.conda#7c08afb0f02d5673de8e4f6f535663a8
https://conda.anaconda.org/conda-forge/noarch/traitlets-5.9.0-pyhd8ed1ab_0.conda#d0b4f5c87cd35ac3fb3d47b223263a64
https://conda.anaconda.org/conda-forge/noarch/typing_extensions-4.5.0-pyha770c72_0.conda#43e7d9e50261fb11deb76e17d8431aac
https://conda.anaconda.org/conda-forge/linux-64/unicodedata2-15.0.0-py310h5764c6d_0.tar.bz2#e972c5a1f472561cf4a91962cb01f4b4
https://conda.anaconda.org/conda-forge/noarch/webencodings-0.5.1-py_1.tar.bz2#3563be4c5611a44210d9ba0c16113136
https://conda.anaconda.org/conda-forge/noarch/websocket-client-1.5.1-pyhd8ed1ab_0.conda#2a914654b9ade742049dab13e29571c6
https://conda.anaconda.org/conda-forge/noarch/wheel-0.40.0-pyhd8ed1ab_0.conda#49bb0d9e60ce1db25e151780331bb5f3
https://conda.anaconda.org/conda-forge/noarch/widgetsnbextension-4.0.7-pyhd8ed1ab_0.conda#bcc54b91a8ce88f60f538b87b409909e
https://conda.anaconda.org/conda-forge/noarch/wurlitzer-3.0.3-pyhd8ed1ab_0.conda#583fbaedd5c4aba7aa8d27c1ad395919
https://conda.anaconda.org/conda-forge/linux-64/xorg-libxext-1.3.4-h0b41bf4_2.conda#82b6df12252e6f32402b96dacc656fec
https://conda.anaconda.org/conda-forge/linux-64/xorg-libxfixes-5.0.3-h7f98852_1004.tar.bz2#e9a21aa4d5e3e5f1aed71e8cefd46b6a
https://conda.anaconda.org/conda-forge/linux-64/y-py-0.5.9-py310h4426083_0.conda#0b3145258baa17d4405c3800a308da99
https://conda.anaconda.org/conda-forge/noarch/zipp-3.15.0-pyhd8ed1ab_0.conda#13018819ca8f5b7cc675a8faf1f5fedf
https://conda.anaconda.org/conda-forge/noarch/anyio-3.6.2-pyhd8ed1ab_0.tar.bz2#8ada050fa88f26916fc1e76e368a49fd
https://conda.anaconda.org/conda-forge/noarch/asttokens-2.2.1-pyhd8ed1ab_0.conda#bf7f54dd0f25c3f06ecb82a07341841a
https://conda.anaconda.org/conda-forge/noarch/babel-2.12.1-pyhd8ed1ab_1.conda#ac432e732804a81ddcf29c92ead57cde
https://conda.anaconda.org/conda-forge/noarch/backports.functools_lru_cache-1.6.4-pyhd8ed1ab_0.tar.bz2#c5b3edc62d6309088f4970b3eaaa65a6
https://conda.anaconda.org/conda-forge/noarch/beautifulsoup4-4.12.2-pyha770c72_0.conda#a362ff7d976217f8fa78c0f1c4f59717
https://conda.anaconda.org/conda-forge/noarch/bleach-6.0.0-pyhd8ed1ab_0.conda#d48b143d01385872a88ef8417e96c30e
https://conda.anaconda.org/conda-forge/noarch/cached-property-1.5.2-hd8ed1ab_1.tar.bz2#9b347a7ec10940d3f7941ff6c460b551
https://conda.anaconda.org/conda-forge/linux-64/cffi-1.15.1-py310h255011f_3.conda#800596144bb613cd7ac58b80900ce835
https://conda.anaconda.org/conda-forge/linux-64/cmake-3.26.3-h077f3f9_0.conda#6edec767268ad8451d27bb65f38c7ea4
https://conda.anaconda.org/conda-forge/noarch/comm-0.1.3-pyhd8ed1ab_0.conda#168ae0f82cdf7505048e81054c7354e4
https://conda.anaconda.org/conda-forge/linux-64/contourpy-1.0.7-py310hdf3cbec_0.conda#7bf9d8c765b6b04882c719509652c6d6
https://conda.anaconda.org/conda-forge/linux-64/fenics-dijitso-2019.1.0-py310hff52083_34.tar.bz2#60cae8b684638de2d9d07d66bd4ceb39
https://conda.anaconda.org/conda-forge/linux-64/fenics-ufl-2019.1.0-py310hff52083_34.tar.bz2#14e1cbd1b351d0e37db4f45262f0860a
https://conda.anaconda.org/conda-forge/linux-64/fonttools-4.39.3-py310h1fa729e_0.conda#4f39f656d6ff2761d698e69af952be82
https://conda.anaconda.org/conda-forge/noarch/gitdb-4.0.10-pyhd8ed1ab_0.conda#3706d2f3d7cb5dae600c833345a76132
https://conda.anaconda.org/conda-forge/linux-64/hdf5-1.12.2-mpi_mpich_h5d83325_1.conda#811c4d55cf17b42336ffa314239717b0
https://conda.anaconda.org/conda-forge/noarch/importlib-metadata-6.6.0-pyha770c72_0.conda#f91a5d5175fb7ff2a91952ec7da59cb9
https://conda.anaconda.org/conda-forge/noarch/importlib_resources-5.12.0-pyhd8ed1ab_0.conda#e5fd2260a231ee63b6969f4801082f2b
https://conda.anaconda.org/conda-forge/noarch/isort-5.12.0-pyhd8ed1ab_1.conda#07ed3421bad60867234c7a9282ea39d4
https://conda.anaconda.org/conda-forge/noarch/jedi-0.18.2-pyhd8ed1ab_0.conda#b5e695ef9c3f0d27d6cd96bf5adc9e07
https://conda.anaconda.org/conda-forge/noarch/jinja2-3.1.2-pyhd8ed1ab_1.tar.bz2#c8490ed5c70966d232fdd389d0dbed37
https://conda.anaconda.org/conda-forge/noarch/joblib-1.2.0-pyhd8ed1ab_0.tar.bz2#7583652522d71ad78ba536bba06940eb
https://conda.anaconda.org/conda-forge/noarch/jsonpatch-1.32-pyhd8ed1ab_0.tar.bz2#09150b51b0528a31a0f6500b96fdde82
https://conda.anaconda.org/conda-forge/noarch/jupyterlab_pygments-0.2.2-pyhd8ed1ab_0.tar.bz2#243f63592c8e449f40cd42eb5cf32f40
https://conda.anaconda.org/conda-forge/linux-64/libmamba-1.4.2-hcea66bb_0.conda#0b3b4c833ea1ec555063479e2ac259dc
https://conda.anaconda.org/conda-forge/noarch/matplotlib-inline-0.1.6-pyhd8ed1ab_0.tar.bz2#b21613793fcc81d944c76c9f2864a7de
https://conda.anaconda.org/conda-forge/linux-64/mkl-2022.2.1-h84fe81f_16997.conda#a7ce56d5757f5b57e7daabe703ade5bb
https://conda.anaconda.org/conda-forge/linux-64/mumps-mpi-5.2.1-h7ee95aa_11.tar.bz2#235559f5e16071637af9c1066ccd2121
https://conda.anaconda.org/conda-forge/linux-64/numba-0.56.4-py310h0e39c9b_1.conda#fe57b83f32db6d332342db71571f501b
https://conda.anaconda.org/conda-forge/noarch/pexpect-4.8.0-pyh1a96a4e_2.tar.bz2#330448ce4403cc74990ac07c555942a1
https://conda.anaconda.org/conda-forge/linux-64/pillow-9.5.0-py310h065c6d2_0.conda#58ea77873883be5b59328e29ca50997e
https://conda.anaconda.org/conda-forge/noarch/pip-23.1.2-pyhd8ed1ab_0.conda#7288da0d36821349cf1126e8670292df
https://conda.anaconda.org/conda-forge/linux-64/pybind11-2.10.1-py310hbf28c38_0.tar.bz2#a14eb704b0d9cb7c2f69ded759748326
https://conda.anaconda.org/conda-forge/noarch/python-dateutil-2.8.2-pyhd8ed1ab_0.tar.bz2#dd999d1cc9f79e67dbb855c8924c7984
https://conda.anaconda.org/conda-forge/noarch/quantities-0.14.1-pyhd8ed1ab_0.conda#b52b8d0df99101b85a953822d5fd3944
https://conda.anaconda.org/conda-forge/noarch/rfc3339-validator-0.1.4-pyhd8ed1ab_0.tar.bz2#fed45fc5ea0813240707998abe49f520
https://conda.anaconda.org/conda-forge/linux-64/ruamel.yaml-0.17.22-py310h2372a71_0.conda#315a6bdce667bf9673b18c7951da15b6
https://conda.anaconda.org/conda-forge/linux-64/suitesparse-5.10.1-h9e50725_1.tar.bz2#a3a685b5f9aeb890ed874502fe56accf
https://conda.anaconda.org/conda-forge/noarch/sympy-1.11.1-pypyh9d50eac_103.conda#3893579a690fcd781c3dcedfd019bb9f
https://conda.anaconda.org/conda-forge/noarch/terminado-0.17.1-pyhd1c38e8_0.conda#046120b71d8896cb7faef78bfdbfee1e
https://conda.anaconda.org/conda-forge/noarch/tinycss2-1.2.1-pyhd8ed1ab_0.tar.bz2#7234c9eefff659501cd2fe0d2ede4d48
https://conda.anaconda.org/conda-forge/noarch/tqdm-4.65.0-pyhd8ed1ab_1.conda#ed792aff3acb977d09c7013358097f83
https://conda.anaconda.org/conda-forge/noarch/typing-extensions-4.5.0-hd8ed1ab_0.conda#b3c594fde1a80a1fc3eb9cc4a5dfe392
https://conda.anaconda.org/conda-forge/linux-64/xorg-libxcomposite-0.4.6-h0b41bf4_1.conda#ada6777364a0ea2407a1894e54779cc4
https://conda.anaconda.org/conda-forge/noarch/aiosqlite-0.19.0-pyhd8ed1ab_0.conda#c60a47f9f29057417165a8af579396a8
https://conda.anaconda.org/conda-forge/linux-64/argon2-cffi-bindings-21.2.0-py310h5764c6d_3.tar.bz2#12f70cd23e4ea88f913dba50b0f0aba0
https://conda.anaconda.org/conda-forge/linux-64/brotlipy-0.7.0-py310h5764c6d_1005.tar.bz2#87669c3468dff637bbd0363bc0f895cf
https://conda.anaconda.org/conda-forge/linux-64/cryptography-40.0.2-py310h34c0648_0.conda#991a12eccbca3c9897c62f44b1104a54
https://conda.anaconda.org/conda-forge/linux-64/fenics-fiat-2019.1.0-py310hff52083_34.tar.bz2#a283ce7439c2a4d9999eef0de5101fb3
https://conda.anaconda.org/conda-forge/noarch/gitpython-3.1.31-pyhd8ed1ab_0.conda#f6e6b482110246a81c3f03e81c68752d
https://conda.anaconda.org/conda-forge/linux-64/h5py-3.8.0-nompi_py310h0311031_100.conda#b1dfa8111fff8d0cc63091ce7b6dac38
https://conda.anaconda.org/conda-forge/noarch/importlib_metadata-6.6.0-hd8ed1ab_0.conda#3cbc9615f10a3d471532b83e4250b971
https://conda.anaconda.org/conda-forge/noarch/jsonschema-4.17.3-pyhd8ed1ab_0.conda#723268a468177cd44568eb8f794e0d80
https://conda.anaconda.org/conda-forge/noarch/jupyter_server_terminals-0.4.4-pyhd8ed1ab_1.conda#7c0965e1d4a0ee1529e8eaa03a78a5b3
https://conda.anaconda.org/conda-forge/linux-64/libmambapy-1.4.2-py310h1428755_0.conda#0c942ea14a0e7a9e394882a8e4405235
https://conda.anaconda.org/conda-forge/noarch/mako-1.2.4-pyhd8ed1ab_0.tar.bz2#0d072f0edc017b6318dbab701e053f94
https://conda.anaconda.org/conda-forge/linux-64/matplotlib-base-3.7.1-py310he60537e_0.conda#68b2dd34c69d08b05a9db5e3596fe3ee
https://conda.anaconda.org/conda-forge/linux-64/neuron-8.0.2-mpi_mpich_py310h0c25482_3.tar.bz2#cf50c6229b446575672e0003c58d4e9c
https://conda.anaconda.org/conda-forge/linux-64/pandas-2.0.1-py310h7cbd5c2_0.conda#fceb6b7ab7c0ad20138af43225d6d8c8
https://conda.anaconda.org/conda-forge/linux-64/petsc-3.17.4-real_h15390b8_101.tar.bz2#a1d8fa7d1a12c270ac58b48dc2c4c086
https://conda.anaconda.org/conda-forge/noarch/platformdirs-3.5.0-pyhd8ed1ab_0.conda#6c36f1c42dd0069b7f23acc74f19be46
https://conda.anaconda.org/conda-forge/noarch/pytest-7.3.1-pyhd8ed1ab_0.conda#547c7de697ec99b494a28ddde185b5a4
https://conda.anaconda.org/conda-forge/noarch/python-neo-0.11.1-pyh1a96a4e_0.tar.bz2#00f0c353b252c7e9ece09346a725cdc1
https://conda.anaconda.org/conda-forge/linux-64/pytorch-2.0.0-cpu_py310hd11e9c7_0.conda#3284ee5d6d12f8d0799f591ba2e519d2
https://conda.anaconda.org/conda-forge/linux-64/sqlalchemy-2.0.12-py310h2372a71_0.conda#6838b65c8070d29fce4f3a796f47de52
https://conda.anaconda.org/conda-forge/noarch/stack_data-0.6.2-pyhd8ed1ab_0.conda#e7df0fdd404616638df5ece6e69ba7af
https://conda.anaconda.org/conda-forge/noarch/wcwidth-0.2.6-pyhd8ed1ab_0.conda#078979d33523cb477bd1916ce41aacc9
https://conda.anaconda.org/conda-forge/linux-64/zstandard-0.19.0-py310hdeb6495_1.conda#2cce1a48e6687f64d371d2e7fc9c7fbf
https://conda.anaconda.org/conda-forge/noarch/alembic-1.10.4-pyhd8ed1ab_0.conda#79b3fe80f9b30ab499fc51307f92f5fb
https://conda.anaconda.org/conda-forge/noarch/altair-4.2.2-pyhd8ed1ab_0.conda#afca9c6a93335c55bbc84072011e86dc
https://conda.anaconda.org/conda-forge/noarch/argon2-cffi-21.3.0-pyhd8ed1ab_0.tar.bz2#a0b402db58f73aaab8ee0ca1025a362e
https://conda.anaconda.org/conda-forge/linux-64/black-23.3.0-py310hff52083_1.conda#22bc96cd2aed2482d207ab376fc00f18
https://conda.anaconda.org/conda-forge/noarch/conda-package-streaming-0.7.0-pyhd8ed1ab_1.conda#1a2fa9e53cfbc2e4d9ab21990805a436
https://conda.anaconda.org/conda-forge/linux-64/fenics-ffc-2019.1.0-py310hff52083_34.tar.bz2#60336d6d6a95a6f9536210bbee958493
https://conda.anaconda.org/conda-forge/linux-64/jupyter_core-5.3.0-py310hff52083_0.conda#49428e10aae69baa6b34cb7e275f1ae9
https://conda.anaconda.org/conda-forge/noarch/jupyter_events-0.6.3-pyhd8ed1ab_0.conda#d98c5196ab6ffeb0c2feca2912801353
https://conda.anaconda.org/conda-forge/noarch/jupyter_telemetry-0.1.0-pyhd8ed1ab_1.tar.bz2#bb9ebdb6d5aa2622484aff1faceee181
https://conda.anaconda.org/conda-forge/noarch/jupyter_ydoc-0.2.3-pyhd8ed1ab_0.conda#ad7409631cd81535b89b05e7c62e1e8f
https://conda.anaconda.org/conda-forge/noarch/meautility-1.5.1-pyhd8ed1ab_0.tar.bz2#20d8f60f219c0ee87fb176af8501994d
https://conda.anaconda.org/conda-forge/noarch/oauthlib-3.2.2-pyhd8ed1ab_0.tar.bz2#8f882b197fd9c4941a787926baea4868
https://conda.anaconda.org/minrk/linux-64/opencarp-12.0-hb4991af_1.tar.bz2#7c301217df76f2c468a335a3deef7c3e
https://conda.anaconda.org/conda-forge/linux-64/petsc4py-3.17.4-real_hce8fbc3_101.tar.bz2#e54081db34f957203cd4cdb4632166fd
https://conda.anaconda.org/conda-forge/noarch/prompt-toolkit-3.0.38-pyha770c72_0.conda#59ba1bf8ea558751a0d391249a248765
https://conda.anaconda.org/conda-forge/noarch/pyopenssl-23.1.1-pyhd8ed1ab_0.conda#0b34aa3ab7e7ccb1765a03dd9ed29938
https://conda.anaconda.org/conda-forge/linux-64/pytorch-cpu-2.0.0-cpu_py310hdb170b5_0.conda#d0c24174de6975a938427e486edb56a8
https://conda.anaconda.org/conda-forge/linux-64/slepc-3.17.2-real_hb19a63e_100.tar.bz2#9bc63e39ae5cdca9c1bb0e0f040b0404
https://conda.anaconda.org/conda-forge/noarch/ypy-websocket-0.8.2-pyhd8ed1ab_0.conda#5ee5ad3af20138020065985de57f0711
https://conda.anaconda.org/conda-forge/noarch/certipy-0.1.3-py_0.tar.bz2#23486713ef5712923e7c57cae609b22e
https://conda.anaconda.org/conda-forge/noarch/conda-package-handling-2.0.2-pyh38be061_0.conda#44800e9bd13143292097c65e57323038
https://conda.anaconda.org/conda-forge/linux-64/fenics-libdolfin-2019.1.0-h0f808bc_34.tar.bz2#ebcf6e32e450dee657a3f40678e7ce30
https://conda.anaconda.org/conda-forge/noarch/jupyter_client-8.2.0-pyhd8ed1ab_0.conda#58ca2d50c3b27b86fd7df62eaadbf9a9
https://conda.anaconda.org/conda-forge/noarch/nbformat-5.8.0-pyhd8ed1ab_0.conda#1ca43103a08456b19222d93fd9d119ac
https://conda.anaconda.org/conda-forge/noarch/prompt_toolkit-3.0.38-hd8ed1ab_0.conda#45b74f64d8808eda7e6f6e6b1d641fd2
https://conda.anaconda.org/conda-forge/linux-64/slepc4py-3.17.2-real_h45d0737_101.tar.bz2#e3949da689a8acdff180bf584a7f9dc1
https://conda.anaconda.org/conda-forge/noarch/urllib3-1.26.15-pyhd8ed1ab_0.conda#27db656619a55d727eaf5a6ece3d2fd6
https://conda.anaconda.org/conda-forge/linux-64/fenics-dolfin-2019.1.0-py310h17b16a0_34.tar.bz2#37c217fd37234e0f08e324643597331b
https://conda.anaconda.org/conda-forge/noarch/ipython-8.13.1-pyhd1c38e8_0.conda#15d8d01aaac5cfebd5b7ca87ce4f7c5f
https://conda.anaconda.org/conda-forge/noarch/nbclient-0.7.4-pyhd8ed1ab_0.conda#f7aa15f77d29b11caa1df1eb15383c59
https://conda.anaconda.org/conda-forge/noarch/requests-2.29.0-pyhd8ed1ab_0.conda#5fa992d972fbccfc069161805122cb8d
https://conda.anaconda.org/conda-forge/linux-64/conda-23.3.1-py310hff52083_0.conda#d182178e1a62f8743044658bf3242af5
https://conda.anaconda.org/conda-forge/linux-64/fenics-2019.1.0-py310hff52083_34.tar.bz2#a1ae6d9a9d291f261398cbfcfa50f77b
https://conda.anaconda.org/conda-forge/noarch/ipykernel-6.22.0-pyh736e0ef_0.conda#3bbe4a71a9d5d8e13c1504e3cd077b32
https://conda.anaconda.org/conda-forge/noarch/jupyterhub-base-4.0.0-pyh2a2186d_0.conda#b458a275625a6df30adb6cadf461034a
https://conda.anaconda.org/conda-forge/linux-64/mshr-2019.1.0-py310ha64120c_7.conda#3cacdf7bbc1ccf2c289961df462a537b
https://conda.anaconda.org/conda-forge/noarch/nbconvert-core-7.3.1-pyhd8ed1ab_0.conda#1cd37f906fc423d6ebf6fd63c1a49290
https://conda.anaconda.org/conda-forge/noarch/pooch-1.7.0-pyha770c72_3.conda#5936894aade8240c867d292aa0d980c6
https://conda.anaconda.org/conda-forge/noarch/ipywidgets-8.0.6-pyhd8ed1ab_0.conda#68627a08556e4a273e4c7bfc84251457
https://conda.anaconda.org/conda-forge/noarch/jupyter_server-2.5.0-pyhd8ed1ab_0.conda#7fa3bd3d8dee42934f63711e9fbe959a
https://conda.anaconda.org/conda-forge/linux-64/mamba-1.4.2-py310h51d5547_0.conda#a84d408833491f202a6d9f6d8fc696db
https://conda.anaconda.org/conda-forge/noarch/nbconvert-pandoc-7.3.1-pyhd8ed1ab_0.conda#28d58c9f73807af6cf19cab5d1d51b47
https://conda.anaconda.org/conda-forge/linux-64/scipy-1.10.1-py310h8deb116_0.conda#4c9604c5ec179c21f8f0a09e3c164480
https://conda.anaconda.org/conda-forge/noarch/jupyter-server-mathjax-0.2.6-pyh5bfe37b_1.conda#11ca195fc8a16770661a387bcce27c36
https://conda.anaconda.org/conda-forge/noarch/jupyter_server_fileid-0.9.0-pyhd8ed1ab_0.conda#a12525b037a703d7f4512da737d700e6
https://conda.anaconda.org/conda-forge/noarch/jupyterlab_server-2.22.1-pyhd8ed1ab_0.conda#fc7172a6742a7c3c4331ddd7ed463ffc
https://conda.anaconda.org/conda-forge/noarch/lfpykit-0.5.1-pyhd8ed1ab_0.conda#28b8e6dae19d52e5b265a9d28f85dea6
https://conda.anaconda.org/conda-forge/noarch/nbconvert-7.3.1-pyhd8ed1ab_0.conda#42131a78cf4826ee071afab7d29442ce
https://conda.anaconda.org/conda-forge/noarch/notebook-shim-0.2.3-pyhd8ed1ab_0.conda#67e0fe74c156267d9159e9133df7fd37
https://conda.anaconda.org/conda-forge/noarch/patsy-0.5.3-pyhd8ed1ab_0.tar.bz2#50ef6b29b1fb0768ca82c5aeb4fb2d96
https://conda.anaconda.org/conda-forge/linux-64/scikit-learn-1.2.2-py310h41b6a48_1.conda#7d06046647be68f5cbf331532d020a71
https://conda.anaconda.org/conda-forge/noarch/seaborn-base-0.12.2-pyhd8ed1ab_0.conda#cf88f3a1c11536bc3c10c14ad00ccc42
https://conda.anaconda.org/conda-forge/noarch/jupyter_server_ydoc-0.8.0-pyhd8ed1ab_0.conda#780280d42fbcb2eaf654a6ba7a3e5bb5
https://conda.anaconda.org/conda-forge/linux-64/lfpy-2.2.6-mpi_mpich_py310he397736_1.tar.bz2#5704b18e2b1abe835e75ad5885262e7e
https://conda.anaconda.org/conda-forge/noarch/nbclassic-0.5.6-pyhb4ecaf3_1.conda#6904c9f1e9604888daec187b0dd0d7d9
https://conda.anaconda.org/conda-forge/noarch/nbdime-3.2.1-pyhd8ed1ab_0.conda#7b6c7f9f427dd668fd1ef4c6b3454528
https://conda.anaconda.org/conda-forge/linux-64/statsmodels-0.13.5-py310hde88566_2.tar.bz2#521b762fdb5e47915251d460a8fc5814
https://conda.anaconda.org/conda-forge/noarch/jupyterlab-git-0.41.0-pyhd8ed1ab_1.conda#5985549f77be4aae95bfd9e1a7916144
https://conda.anaconda.org/conda-forge/noarch/notebook-6.5.4-pyha770c72_0.conda#ec4ce3ce0a55ce21b6f5b86049b97af9
https://conda.anaconda.org/conda-forge/noarch/seaborn-0.12.2-hd8ed1ab_0.conda#50847a47c07812f88581081c620f5160
https://conda.anaconda.org/conda-forge/noarch/jupyterlab-3.6.3-pyhd8ed1ab_0.conda#c4baad1d227e93562154eb41588b2ea9
https://conda.anaconda.org/conda-forge/noarch/nbgitpuller-1.1.1-pyhd8ed1ab_0.tar.bz2#a2c72cf8c5fb4cd269bff97e9bf196e8
https://conda.anaconda.org/conda-forge/noarch/jupyterlab_code_formatter-1.6.1-pyhd8ed1ab_0.conda#b4772676ac0f952ac97cae70b9c3adba
